
Microsoft Visual Studio Solution File, Format Version 12.00
# Visual Studio Version 16
VisualStudioVersion = 16.0.31313.79
MinimumVisualStudioVersion = 10.0.40219.1
Project("{FAE04EC0-301F-11D3-BF4B-00C04F79EFBC}") = "cpulib_65xx", "cpulib_65xx\cpulib_65xx.csproj", "{FA131546-95A9-4894-99B1-C1897F4E1996}"
EndProject
Project("{2150E333-8FDC-42A3-9474-1A3956D46DE8}") = "test_asm", "test_asm", "{64E6F592-E350-4A39-BE54-4FAB2CF14197}"
	ProjectSection(SolutionItems) = preProject
		test_asm\Makefile = test_asm\Makefile
		test_asm\test-rom0.asm = test_asm\test-rom0.asm
		test_asm\test-rom0.cfg = test_asm\test-rom0.cfg
	EndProjectSection
EndProject
Project("{2150E333-8FDC-42A3-9474-1A3956D46DE8}") = "dorman", "dorman", "{B04B9E0C-3E63-4D6F-B4C0-6AFFA04C1057}"
	ProjectSection(SolutionItems) = preProject
		test_asm\dorman\6502_decimal_test.a65 = test_asm\dorman\6502_decimal_test.a65
		test_asm\dorman\6502_functional_test.a65 = test_asm\dorman\6502_functional_test.a65
		test_asm\dorman\6502_interrupt_test.a65 = test_asm\dorman\6502_interrupt_test.a65
		test_asm\dorman\65C02_extended_opcodes_test.a65c = test_asm\dorman\65C02_extended_opcodes_test.a65c
		test_asm\dorman\dorman.cfg = test_asm\dorman\dorman.cfg
		test_asm\dorman\license.txt = test_asm\dorman\license.txt
		test_asm\dorman\Makefile = test_asm\dorman\Makefile
		test_asm\dorman\readme.dom.txt = test_asm\dorman\readme.dom.txt
		test_asm\dorman\readme.txt = test_asm\dorman\readme.txt
		test_asm\dorman\report.i65 = test_asm\dorman\report.i65
	EndProjectSection
EndProject
Project("{FAE04EC0-301F-11D3-BF4B-00C04F79EFBC}") = "test_cpu_1", "tests\test_cpu_1\test_cpu_1.csproj", "{56068E1B-C29A-4863-9C98-F39103542929}"
EndProject
Project("{FAE04EC0-301F-11D3-BF4B-00C04F79EFBC}") = "test_cpu_dorman", "test_cpu_dorman\test_cpu_dorman.csproj", "{EBAAC8DD-4B6C-4F5D-83F4-2B852C9E0F80}"
EndProject
Project("{FAE04EC0-301F-11D3-BF4B-00C04F79EFBC}") = "ElkHWLib", "elkhwlib\ElkHWLib.csproj", "{69ED037E-72C2-45EE-80BE-DBFDA075D3A5}"
EndProject
Project("{FAE04EC0-301F-11D3-BF4B-00C04F79EFBC}") = "ElkCSharp", "ElkCSharp\ElkCSharp.csproj", "{D83F0305-0E75-48DE-AFE3-0CF2B369DE7A}"
EndProject
Project("{FAE04EC0-301F-11D3-BF4B-00C04F79EFBC}") = "UEFLib", "UEFLib\UEFLib.csproj", "{EC1BF40C-BE83-48AB-8610-041CBD9C9532}"
EndProject
Project("{2150E333-8FDC-42A3-9474-1A3956D46DE8}") = "Tests", "Tests", "{B4569CBD-D7AB-4887-8F8A-71CBC5F52F18}"
EndProject
Project("{FAE04EC0-301F-11D3-BF4B-00C04F79EFBC}") = "UEFCatalogue", "UEFCatalogue\UEFCatalogue.csproj", "{5B64B4D3-31E6-4CD9-91DE-0EAB8176884E}"
EndProject
Project("{2150E333-8FDC-42A3-9474-1A3956D46DE8}") = "Solution Items", "Solution Items", "{66C683EA-2D20-4AA4-B293-E0151824DE23}"
	ProjectSection(SolutionItems) = preProject
		README.md = README.md
	EndProjectSection
EndProject
Project("{FAE04EC0-301F-11D3-BF4B-00C04F79EFBC}") = "WPFStuff", "WPFStuff\WPFStuff.csproj", "{2370448B-8ECD-4980-BED9-5DEDA20E10B3}"
EndProject
Global
	GlobalSection(SolutionConfigurationPlatforms) = preSolution
		Debug|Any CPU = Debug|Any CPU
		Release|Any CPU = Release|Any CPU
	EndGlobalSection
	GlobalSection(ProjectConfigurationPlatforms) = postSolution
		{FA131546-95A9-4894-99B1-C1897F4E1996}.Debug|Any CPU.ActiveCfg = Debug|Any CPU
		{FA131546-95A9-4894-99B1-C1897F4E1996}.Debug|Any CPU.Build.0 = Debug|Any CPU
		{FA131546-95A9-4894-99B1-C1897F4E1996}.Release|Any CPU.ActiveCfg = Release|Any CPU
		{FA131546-95A9-4894-99B1-C1897F4E1996}.Release|Any CPU.Build.0 = Release|Any CPU
		{56068E1B-C29A-4863-9C98-F39103542929}.Debug|Any CPU.ActiveCfg = Debug|Any CPU
		{56068E1B-C29A-4863-9C98-F39103542929}.Debug|Any CPU.Build.0 = Debug|Any CPU
		{56068E1B-C29A-4863-9C98-F39103542929}.Release|Any CPU.ActiveCfg = Release|Any CPU
		{56068E1B-C29A-4863-9C98-F39103542929}.Release|Any CPU.Build.0 = Release|Any CPU
		{EBAAC8DD-4B6C-4F5D-83F4-2B852C9E0F80}.Debug|Any CPU.ActiveCfg = Debug|Any CPU
		{EBAAC8DD-4B6C-4F5D-83F4-2B852C9E0F80}.Debug|Any CPU.Build.0 = Debug|Any CPU
		{EBAAC8DD-4B6C-4F5D-83F4-2B852C9E0F80}.Release|Any CPU.ActiveCfg = Release|Any CPU
		{EBAAC8DD-4B6C-4F5D-83F4-2B852C9E0F80}.Release|Any CPU.Build.0 = Release|Any CPU
		{69ED037E-72C2-45EE-80BE-DBFDA075D3A5}.Debug|Any CPU.ActiveCfg = Debug|Any CPU
		{69ED037E-72C2-45EE-80BE-DBFDA075D3A5}.Debug|Any CPU.Build.0 = Debug|Any CPU
		{69ED037E-72C2-45EE-80BE-DBFDA075D3A5}.Release|Any CPU.ActiveCfg = Release|Any CPU
		{69ED037E-72C2-45EE-80BE-DBFDA075D3A5}.Release|Any CPU.Build.0 = Release|Any CPU
		{D83F0305-0E75-48DE-AFE3-0CF2B369DE7A}.Debug|Any CPU.ActiveCfg = Debug|Any CPU
		{D83F0305-0E75-48DE-AFE3-0CF2B369DE7A}.Debug|Any CPU.Build.0 = Debug|Any CPU
		{D83F0305-0E75-48DE-AFE3-0CF2B369DE7A}.Release|Any CPU.ActiveCfg = Release|Any CPU
		{D83F0305-0E75-48DE-AFE3-0CF2B369DE7A}.Release|Any CPU.Build.0 = Release|Any CPU
		{EC1BF40C-BE83-48AB-8610-041CBD9C9532}.Debug|Any CPU.ActiveCfg = Debug|Any CPU
		{EC1BF40C-BE83-48AB-8610-041CBD9C9532}.Debug|Any CPU.Build.0 = Debug|Any CPU
		{EC1BF40C-BE83-48AB-8610-041CBD9C9532}.Release|Any CPU.ActiveCfg = Release|Any CPU
		{EC1BF40C-BE83-48AB-8610-041CBD9C9532}.Release|Any CPU.Build.0 = Release|Any CPU
		{5B64B4D3-31E6-4CD9-91DE-0EAB8176884E}.Debug|Any CPU.ActiveCfg = Debug|Any CPU
		{5B64B4D3-31E6-4CD9-91DE-0EAB8176884E}.Debug|Any CPU.Build.0 = Debug|Any CPU
		{5B64B4D3-31E6-4CD9-91DE-0EAB8176884E}.Release|Any CPU.ActiveCfg = Release|Any CPU
		{5B64B4D3-31E6-4CD9-91DE-0EAB8176884E}.Release|Any CPU.Build.0 = Release|Any CPU
		{2370448B-8ECD-4980-BED9-5DEDA20E10B3}.Debug|Any CPU.ActiveCfg = Debug|Any CPU
		{2370448B-8ECD-4980-BED9-5DEDA20E10B3}.Debug|Any CPU.Build.0 = Debug|Any CPU
		{2370448B-8ECD-4980-BED9-5DEDA20E10B3}.Release|Any CPU.ActiveCfg = Release|Any CPU
		{2370448B-8ECD-4980-BED9-5DEDA20E10B3}.Release|Any CPU.Build.0 = Release|Any CPU
	EndGlobalSection
	GlobalSection(SolutionProperties) = preSolution
		HideSolutionNode = FALSE
	EndGlobalSection
	GlobalSection(NestedProjects) = preSolution
		{B04B9E0C-3E63-4D6F-B4C0-6AFFA04C1057} = {64E6F592-E350-4A39-BE54-4FAB2CF14197}
		{56068E1B-C29A-4863-9C98-F39103542929} = {64E6F592-E350-4A39-BE54-4FAB2CF14197}
		{EBAAC8DD-4B6C-4F5D-83F4-2B852C9E0F80} = {64E6F592-E350-4A39-BE54-4FAB2CF14197}
		{5B64B4D3-31E6-4CD9-91DE-0EAB8176884E} = {B4569CBD-D7AB-4887-8F8A-71CBC5F52F18}
	EndGlobalSection
	GlobalSection(ExtensibilityGlobals) = postSolution
		SolutionGuid = {81005CD8-F00E-4356-84F1-AA4BD48092E4}
	EndGlobalSection
EndGlobal
